{
  "name": "e-z-beauty",
  "version": "1.0.0",
  "lockfileVersion": 2,
  "requires": true,
  "packages": {
    "": {
      "name": "e-z-beauty",
      "version": "1.0.0",
      "dependencies": {
        "bcryptjs": "^2.4.3",
        "body-parser": "^1.19.0",
        "express": "^4.17.1",
        "mongoose": "^5.13.2"
      }
    },
    "node_modules/accepts": {
      "version": "1.3.8",
      "resolved": "https://registry.npmjs.org/accepts/-/accepts-1.3.8.tgz",
      "integrity": "sha512-q8gaFkEaTfM8z2U6dE2WgfWkl4JcAGy7ZY5gkM9BMR6M3wNOLnu3j2U6KIA2kBAM5EubHgk36lEz6ZnMqepF/A==",
      "dependencies": {
        "mime-types": "~2.1.24",
        "negotiator": "0.6.2"
      }
    },
    "node_modules/array-flatten": {
      "version": "1.1.1",
      "resolved": "https://registry.npmjs.org/array-flatten/-/array-flatten-1.1.1.tgz",
      "integrity": "sha1-ml9pkFGx5wczKPKgCJaLZOopVdI="
    },
    "node_modules/bcryptjs": {
      "version": "2.4.3",
      "resolved": "https://registry.npmjs.org/bcryptjs/-/bcryptjs-2.4.3.tgz",
      "integrity": "sha512-J2/EdWleQAcWNsW/S08RAZOzV3ZzF4bATz0rxNkfjwKtpMtLco9rI+fGbNRCY5FbSLJ8J13nHUaBbDa/xH/3fQ=="
    },
    "node_modules/body-parser": {
      "version": "1.19.0",
      "resolved": "https://registry.npmjs.org/body-parser/-/body-parser-1.19.0.tgz",
      "integrity": "sha512-4mnQxy76dUmVX24n3S+XJmMRB5muj8F4zPkpCqkRGiVWf7Ng0hZO/p1n7hYNriHvh0tKPLUjQ5sq0YhbTBsB2Q==",
      "dependencies": {
        "bytes": "3.1.0",
        "content-type": "~1.0.4",
        "debug": "2.6.9",
        "depd": "~1.1.2",
        "http-errors": "1.7.2",
        "iconv-lite": "0.4.24",
        "on-finished": "~2.3.0",
        "qs": "6.7.0",
        "raw-body": "2.4.0",
        "type-is": "~1.6.18"
      }
    },
    "node_modules/bytes": {
      "version": "3.1.0",
      "resolved": "https://registry.npmjs.org/bytes/-/bytes-3.1.0.tgz",
      "integrity": "sha1-0ygVQE1olpn4Wk6hJbOSvK6EgrE="
    },
    "node_modules/content-type": {
      "version": "1.0.4",
      "resolved": "https://registry.npmjs.org/content-type/-/content-type-1.0.4.tgz",
      "integrity": "sha512-1DKbivVQXANvM58dRo9eQ2s7lQbDoEnD9qxtkeEv8U0Ej8qrAXGe3Z7AYWj7lJ/MDL1A71gMe8uD0OaGxDWfbg=="
    },
    "node_modules/debug": {
      "version": "2.6.9",
      "resolved": "https://registry.npmjs.org/debug/-/debug-2.6.9.tgz",
      "integrity": "sha512-melKYSzEP+zNt8g+T0CwPC4b0Xh01p+rxMPF6blNU3IHQhiWPZV9SAERfWeQBhHLZn/JtG8/E+Pm7wjrWZHyWA==",
      "dependencies": {
        "ms": "2.0.0"
      }
    },
    "node_modules/depd": {
      "version": "1.1.2",
      "resolved": "https://registry.npmjs.org/depd/-/depd-1.1.2.tgz",
      "integrity": "sha1-m81S4UwJd2PnSbJ0xDRu0uVgtak="
    },
    "node_modules/express": {
      "version": "4.17.1",
      "resolved": "https://registry.npmjs.org/express/-/express-4.17.1.tgz",
      "integrity": "sha512-Zi/z6NjI5uF7xAzXo/9AoOrqewC0GUBu7e8LsS51BAGty5S0IGB+AWZ9mJ3kwJpcbl4aDGZlvmuqKXBIE7Byaw==",
      "dependencies": {
        "accepts": "~1.3.7",
        "array-flatten": "1.1.1",
        "body-parser": "1.19.0",
        "content-disposition": "0.5.3",
        "content-type": "~1.0.4",
        "cookie": "0.4.0",
        "cookie-signature": "1.0.6",
        "debug": "2.6.9",
        "depd": "~1.1.2",
        "encodeurl": "~1.0.2",
        "escape-html": "~1.0.3",
        "etag": "~1.8.1",
        "finalhandler": "~1.1.2",
        "fresh": "0.5.2",
        "merge-descriptors": "1.0.1",
        "methods": "~1.1.2",
        "on-finished": "~2.3.0",
        "parseurl": "~1.3.3",
        "path-to-regexp": "0.1.7",
        "proxy-addr": "~2.0.5",
        "qs": "6.7.0",
        "range-parser": "~1.2.1",
        "safe-buffer": "5.1.2",
        "send": "0.17.1",
        "serve-static": "1.14.1",
        "setprototypeof": "1.1.1",
        "statuses": "~1.5.0",
        "type-is": "~1.6.18",
        "utils-merge": "1.0.1",
        "vary": "~1.1.2"
      }
    },
    "node_modules/iconv-lite": {
      "version": "0.4.24",
      "resolved": "https://registry.npmjs.org/iconv-lite/-/iconv-lite-0.4.24.tgz",
      "integrity": "sha512-4fRT7uUsYAXARByq1HJHxqYiwbIACJXJ9mqm2zN5tCUbWhU4uK+Ztch57J8Qd80Q/FnT1AMHy0ncg/HzjLrHVw==",
      "dependencies": {
        "safer-buffer": ">= 2.1.2 < 3"
      }
    },
    "node_modules/mongoose": {
      "version": "5.13.2",
      "resolved": "https://registry.npmjs.org/mongoose/-/mongoose-5.13.2.tgz",
      "integrity": "sha512-oxMlIbX2D1gfbdqfUzqRKgUsOj/5bfiD5rAN35oWylfbXZdNzKhR7tAQUJj97qzvlHXE0cLZsAAUEXYTPk9SPw==",
      "dependencies": {
        "bson": "1.1.5",
        "kareem": "2.3.1",
        "mongodb": "3.6.10",
        "mongoose-legacy-pluralize": "1.0.2",
        "mpath": "0.8.4",
        "mquery": "3.2.3",
        "ms": "2.1.2",
        "regexp-clone": "1.0.0",
        "safe-buffer": "5.2.1",
        "sliced": "1.0.1"
      }
    }
  },
  "dependencies": {
    "accepts": {
      "version": "1.3.8",
      "resolved": "https://registry.npmjs.org/accepts/-/accepts-1.3.8.tgz",
      "integrity": "sha512-q8gaFkEaTfM8z2U6dE2WgfWkl4JcAGy7ZY5gkM9BMR6M3wNOLnu3j2U6KIA2kBAM5EubHgk36lEz6ZnMqepF/A==",
      "requires": {
        "mime-types": "~2.1.24",
        "negotiator": "0.6.2"
      }
    },
    "array-flatten": {
      "version": "1.1.1",
      "resolved": "https://registry.npmjs.org/array-flatten/-/array-flatten-1.1.1.tgz",
      "integrity": "sha1-ml9pkFGx5wczKPKgCJaLZOopVdI="
    },
    "bcryptjs": {
      "version": "2.4.3",
      "resolved": "https://registry.npmjs.org/bcryptjs/-/bcryptjs-2.4.3.tgz",
      "integrity": "sha512-J2/EdWleQAcWNsW/S08RAZOzV3ZzF4bATz0rxNkfjwKtpMtLco9rI+fGbNRCY5FbSLJ8J13nHUaBbDa/xH/3fQ=="
    },
    "body-parser": {
      "version": "1.19.0",
      "resolved": "https://registry.npmjs.org/body-parser/-/body-parser-1.19.0.tgz",
      "integrity": "sha512-4mnQxy76dUmVX24n3S+XJmMRB5muj8F4zPkpCqkRGiVWf7Ng0hZO/p1n7hYNriHvh0tKPLUjQ5sq0YhbTBsB2Q==",
      "requires": {
        "bytes": "3.1.0",
        "content-type": "~1.0.4",
        "debug": "2.6.9",
        "depd": "~1.1.2",
        "http-errors": "1.7.2",
        "iconv-lite": "0.4.24",
        "on-finished": "~2.3.0",
        "qs": "6.7.0",
        "raw-body": "2.4.0",
        "type-is": "~1.6.18"
      }
    },
    "bytes": {
      "version": "3.1.0",
      "resolved": "https://registry.npmjs.org/bytes/-/bytes-3.1.0.tgz",
      "integrity": "sha1-0ygVQE1olpn4Wk6hJbOSvK6EgrE="
    },
    "content-type": {
      "version": "1.0.4",
      "resolved": "https://registry.npmjs.org/content-type/-/content-type-1.0.4.tgz",
      "integrity": "sha512-1DKbivVQXANvM58dRo9eQ2s7lQbDoEnD9qxtkeEv8U0Ej8qrAXGe3Z7AYWj7lJ/MDL1A71gMe8uD0OaGxDWfbg=="
    },
    "debug": {
      "version": "2.6.9",
      "resolved": "https://registry.npmjs.org/debug/-/debug-2.6.9.tgz",
      "integrity": "sha512-melKYSzEP+zNt8g+T0CwPC4b0Xh01p+rxMPF6blNU3IHQhiWPZV9SAERfWeQBhHLZn/JtG8/E+Pm7wjrWZHyWA==",
      "requires": {
        "ms": "2.0.0"
      }
    },
    "depd": {
      "version": "1.1.2",
      "resolved": "https://registry.npmjs.org/depd/-/depd-1.1.2.tgz",
      "integrity": "sha1-m81S4UwJd2PnSbJ0xDRu0uVgtak="
    },
    "express": {
      "version": "4.17.1",
      "resolved": "https://registry.npmjs.org/express/-/express-4.17.1.tgz",
      "integrity": "sha512-Zi/z6NjI5uF7xAzXo/9AoOrqewC0GUBu7e8LsS51BAGty5S0IGB+AWZ9mJ3kwJpcbl4aDGZlvmuqKXBIE7Byaw==",
      "requires": {
        "accepts": "~1.3.7",
        "array-flatten": "1.1.1",
        "body-parser": "1.19.0",
        "content-disposition": "0.5.3",
        "content-type": "~1.0.4",
        "cookie": "0.4.0",
        "cookie-signature": "1.0.6",
        "debug": "2.6.9",
        "depd": "~1.1.2",
        "encodeurl": "~1.0.2",
        "escape-html": "~1.0.3",
        "etag": "~1.8.1",
        "finalhandler": "~1.1.2",
        "fresh": "0.5.2",
        "merge-descriptors": "1.0.1",
        "methods": "~1.1.2",
        "on-finished": "~2.3.0",
        "parseurl": "~1.3.3",
        "path-to-regexp": "0.1.7",
        "proxy-addr": "~2.0.5",
        "qs": "6.7.0",
        "range-parser": "~1.2.1",
        "safe-buffer": "5.1.2",
        "send": "0.17.1",
        "serve-static": "1.14.1",
        "setprototypeof": "1.1.1",
        "statuses": "~1.5.0",
        "type-is": "~1.6.18",
        "utils-merge": "1.0.1",
        "vary": "~1.1.2"
      }
    },
    "iconv-lite": {
      "version": "0.4.24",
      "resolved": "https://registry.npmjs.org/iconv-lite/-/iconv-lite-0.4.24.tgz",
      "integrity": "sha512-4fRT7uUsYAXARByq1HJHxqYiwbIACJXJ9mqm2zN5tCUbWhU4uK+Ztch57J8Qd80Q/FnT1AMHy0ncg/HzjLrHVw==",
      "requires": {
        "safer-buffer": ">= 2.1.2 < 3"
      }
    },
    "mime-types": {
      "version": "2.1.24",
      "resolved": "https://registry.npmjs.org/mime-types/-/mime-types-2.1.24.tgz",
      "integrity": "sha512-1sE3dAkA7tljyNzT+9FStv7Gq+HBRMcYg9J2GjAUIIPmPrjNP/jD/GbXsPjeXw5n6jRgjcXScmJb21qESgJtJg==",
      "requires": {
        "mime-db": "1.40.0"
      }
    },
    "mime-db": {
      "version": "1.40.0",
      "resolved": "https://registry.npmjs.org/mime-db/-/mime-db-1.40.0.tgz",
      "integrity": "sha512-jYdeOMPy9vnwzGWBplRXNCWqJoKtxCxciD23VeEY1vLFr4U6kBNYgXwBQTzgR+AZcnLk3c0BAlH1VJ6ztmTcRA=="
    },
    "mongoose": {
      "version": "5.13.2",
      "resolved": "https://registry.npmjs.org/mongoose/-/mongoose-5.13.2.tgz",
      "integrity": "sha512-oxMlIbX2D1gfbdqfUzqRKgUsOj/5bfiD5rAN35oWylfbXZdNzKhR7tAQUJj97qzvlHXE0cLZsAAUEXYTP",
      "kareem": {
        "version": "2.3.1",
        "resolved": "https://registry.npmjs.org/kareem/-/kareem-2.3.1.tgz",
        "integrity": "sha512-T35M7S+H+qeAZjBH1fKTYB5FB4OmG6mkD3p1JaF7YxgLv9VjQqd4KMLwdmNDkpLXkA/q/koN+0abEB1b5p2F5A==",
        "requires": {
          "parse-function": "^3.0.0"
        }
      },
      "methods": {
        "version": "1.1.2",
        "resolved": "https://registry.npmjs.org/methods/-/methods-1.1.2.tgz",
        "integrity": "sha1-VSmk1nZUE07cxSZmVoNbD4Ua/O4="
      },
      "mime-db": {
        "version": "1.40.0",
        "resolved": "https://registry.npmjs.org/mime-db/-/mime-db-1.40.0.tgz",
        "integrity": "sha512-jYdeOMPy9vnwzGWBplRXNCWqJoKtxCxciD23VeEY1vLFr4U6kBNYgXwBQTzgR+AZcnLk3c0BAlH1VJ6ztmTcRA=="
      },
      "mime-types": {
        "version": "2.1.24",
        "resolved": "https://registry.npmjs.org/mime-types/-/mime-types-2.1.24.tgz",
        "integrity": "sha512-1sE3dAkA7tljyNzT+9FStv7Gq+HBRMcYg9J2GjAUIIPmPrjNP/jD/GbXsPjeXw5n6jRgjcXScmJb21qESgJtJg==",
        "requires": {
          "mime-db": "1.40.0"
        }
      },
      "mongodb": {
        "version": "3.6.10",
        "resolved": "https://registry.npmjs.org/mongodb/-/mongodb-3.6.10.tgz",
        "integrity": "sha512-QpZTkNJTJ07YrPClo0MzzvoMLQOcGcSVptXykpYWV/+HKhO7zQtnDWIekvi/BBKowJTuaMH/8AlrFvysbAPFlQ=="
      },
      "mongoose-legacy-pluralize": {
        "version": "1.0.2",
        "resolved": "https://registry.npmjs.org/mongoose-legacy-pluralize/-/mongoose-legacy-pluralize-1.0.2.tgz",
        "integrity": "sha512-CrS5kY4HB8HLS7Npv/g4drkn3H0W1Rm+AWjT0jXTU9MHOiKTVhZRhOTXH8eW6HRjyC0PIKRb/RFfcMdUy7xumQ=="
      },
      "mpath": {
        "version": "0.8.4",
        "resolved": "https://registry.npmjs.org/mpath/-/mpath-0.8.4.tgz",
        "integrity": "sha512-hh5tfn5Q4F+wb0UfDs8zC7i3g8GDgKLrE0Ir59Lr1uTtD5fhMhqg4Kg5XjR6B4AV4n6KZtwHXwu6eJE/3AfWrg=="
      },
      "ms": {
        "version": "2.1.2",
        "resolved": "https://registry.npmjs.org/ms/-/ms-2.1.2.tgz",
        "integrity": "sha512-sGkPx+VjMtmA6MX27oA4FBFELFCZZ4S4XqeGOXCv68tT+jb3vk/RyaKWP0PTKyWtmLSM0b+adUTEvbs1PEaH2w=="
      }
    },
    "negotiator": {
      "version": "0.6.2",
      "resolved": "https://registry.npmjs.org/negotiator/-/negotiator-0.6.2.tgz",
      "integrity": "sha512-hZXc7K2e+PgeI1eDBe/10Ard4ekbfrrqG8Ep+8Jmf4JID2bNg7NvCPOZN+kfF574pFQI7mum2AUqDidoKqcTOw=="
    },
    "on-finished": {
      "version": "2.3.0",
      "resolved": "https://registry.npmjs.org/on-finished/-/on-finished-2.3.0.tgz",
      "integrity": "sha1-IPEzZIGwg811M3mSoWlxqi2QaUc="
    },
    "parse-function": {
      "version": "3.0.0",
      "resolved": "https://registry.npmjs.org/parse-function/-/parse-function-3.0.0.tgz",
      "integrity": "sha512-Ga5B3WMGJBhSmBA/Vb32T+J40nFnxRvJJNOenGpRT+A30MezpQ0GxMb5+RpugPVLBc3ObWxBPb3tCgrMz7no7Q=="
    },
    "path-to-regexp": {
      "version": "0.1.7",
      "resolved": "https://registry.npmjs.org/path-to-regexp/-/path-to-regexp-0.1.7.tgz",
      "integrity": "sha1-32BBeABfUi8V60SQ5yR6G/qmf4w="
    },
    "proxy-addr": {
      "version": "2.0.5",
      "resolved": "https://registry.npmjs.org/proxy-addr/-/proxy-addr-2.0.5.tgz",
      "integrity": "sha512-tP4/RCw9VvoBoz/1zrFqB+TZB4PId9an0Uky1JDfUj17o9J5ApuT4sDQZemHK4MbLIz1RkbqqRPwbAmhTzLpOw==",
      "requires": {
        "forwarded": "~0.1.2",
        "ipaddr.js": "1.9.1"
      }
    },
    "qs": {
      "version": "6.7.0",
      "resolved": "https://registry.npmjs.org/qs/-/qs-6.7.0.tgz",
      "integrity": "sha1-51vVIXuqVVCKa/8t7kC1I4GxkXo="
    },
    "raw-body": {
      "version": "2.4.0",
      "resolved": "https://registry.npmjs.org/raw-body/-/raw-body-2.4.0.tgz",
      "integrity": "sha1-5yj+5RE/o16sLHNU9x/oWrB+bO0=",
      "requires": {
        "bytes": "3.0.0",
        "http-errors": "1.6.2",
        "iconv-lite": "0.4.19",
        "unpipe": "1.0.0"
      }
    },
    "regexp-clone": {
      "version": "1.0.0",
      "resolved": "https://registry.npmjs.org/regexp-clone/-/regexp-clone-1.0.0.tgz",
      "integrity": "sha512-TuY6U8+XjPuYysTlTmiAH6DzCv+x6tCEdrGkPykCHG8j/Jx2BfqMz/+uVodZQ7xXhwRzW4HEf8Z2FdcSH7qYxA=="
    },
    "safe-buffer": {
      "version": "5.2.1",
      "resolved": "https://registry.npmjs.org/safe-buffer/-/safe-buffer-5.2.1.tgz",
      "integrity": "sha512-rp3So07KcdmmKbGvgaNxQSJr7bGVSVk5S9Eq1F+ppbRo70+YeaDxkw5Dd8NPN+GD6bjnYm2VuPuCXmpuYvmCXQ=="
    },
    "safer-buffer": {
      "version": ">= 2.1.2 < 3",
      "resolved": "https://registry.npmjs.org/safer-buffer/-/safer-buffer-2.1.2.tgz",
      "integrity": "sha512-YZo3K82SD7Riyi0E1EQPojLz7kpepnSQI9IyPbHHg1XXXevb5dJI7tpyN2ADxGcQbHG7vcyRHk0cbwqcQriUtg=="
    },
    "send": {
      "version": "0.17.1",
      "resolved": "https://registry.npmjs.org/send/-/send-0.17.1.tgz",
      "integrity": "sha512-Kb4DX+nIVAjF6l0gjTvj3CtBVHodJsgdT80G04ZLR5rT3cLhlFOgMQvRdXY+R6rQkN8bOAu/nUxkghYKu6Yp2w==",
      "requires": {
        "debug": "2.6.9",
        "depd": "~1.1.2",
        "destroy": "~1.0.4",
        "encodeurl": "~1.0.2",
        "escape-html": "~1.0.3",
        "etag": "~1.8.1",
        "fresh": "0.5.2",
        "http-errors": "~1.7.2",
        "mime": "1.6.0",
        "ms": "2.1.1",
        "on-finished": "~2.3.0",
        "range-parser": "~1.2.1",
        "statuses": "~1.5.0"
      }
    },
    "setprototypeof": {
      "version": "1.1.1",
      "resolved": "https://registry.npmjs.org/setprototypeof/-/setprototypeof-1.1.1.tgz", 
    
      

  